// !$*UTF8*$!
{
	archiveVersion = 1;
	classes = {
	};
	objectVersion = 46;
	objects = {

/* Begin PBXBuildFile section */
		9921A6D6212DAFF2001B20FE /* VCcatsdetails.swift in Sources */ = {isa = PBXBuildFile; fileRef = 9921A6D5212DAFF2001B20FE /* VCcatsdetails.swift */; };
		9922E59521245F650014B32E /* AppDelegate.swift in Sources */ = {isa = PBXBuildFile; fileRef = 9922E59421245F650014B32E /* AppDelegate.swift */; };
		9922E59721245F650014B32E /* ViewController.swift in Sources */ = {isa = PBXBuildFile; fileRef = 9922E59621245F650014B32E /* ViewController.swift */; };
		9922E59A21245F650014B32E /* Main.storyboard in Resources */ = {isa = PBXBuildFile; fileRef = 9922E59821245F650014B32E /* Main.storyboard */; };
		9922E59C21245F650014B32E /* Assets.xcassets in Resources */ = {isa = PBXBuildFile; fileRef = 9922E59B21245F650014B32E /* Assets.xcassets */; };
		9922E59F21245F650014B32E /* LaunchScreen.storyboard in Resources */ = {isa = PBXBuildFile; fileRef = 9922E59D21245F650014B32E /* LaunchScreen.storyboard */; };
		9922E5AB21246BBC0014B32E /* catss.swift in Sources */ = {isa = PBXBuildFile; fileRef = 9922E5AA21246BBC0014B32E /* catss.swift */; };
		99F1F5D321246DE800A20260 /* catsvcell.swift in Sources */ = {isa = PBXBuildFile; fileRef = 99F1F5D221246DE800A20260 /* catsvcell.swift */; };
		99F1F5D5212472AC00A20260 /* plcats.plist in Resources */ = {isa = PBXBuildFile; fileRef = 99F1F5D4212472AC00A20260 /* plcats.plist */; };
/* End PBXBuildFile section */

/* Begin PBXFileReference section */
		9921A6D5212DAFF2001B20FE /* VCcatsdetails.swift */ = {isa = PBXFileReference; fileEncoding = 4; lastKnownFileType = sourcecode.swift; path = VCcatsdetails.swift; sourceTree = "<group>"; };
		9922E59121245F650014B32E /* cats type.app */ = {isa = PBXFileReference; explicitFileType = wrapper.application; includeInIndex = 0; path = "cats type.app"; sourceTree = BUILT_PRODUCTS_DIR; };
		9922E59421245F650014B32E /* AppDelegate.swift */ = {isa = PBXFileReference; lastKnownFileType = sourcecode.swift; path = AppDelegate.swift; sourceTree = "<group>"; };
		9922E59621245F650014B32E /* ViewController.swift */ = {isa = PBXFileReference; lastKnownFileType = sourcecode.swift; path = ViewController.swift; sourceTree = "<group>"; };
		9922E59921245F650014B32E /* Base */ = {isa = PBXFileReference; lastKnownFileType = file.storyboard; name = Base; path = Base.lproj/Main.storyboard; sourceTree = "<group>"; };
		9922E59B21245F650014B32E /* Assets.xcassets */ = {isa = PBXFileReference; lastKnownFileType = folder.assetcatalog; path = Assets.xcassets; sourceTree = "<group>"; };
		9922E59E21245F650014B32E /* Base */ = {isa = PBXFileReference; lastKnownFileType = file.storyboard; name = Base; path = Base.lproj/LaunchScreen.storyboard; sourceTree = "<group>"; };
		9922E5A021245F650014B32E /* Info.plist */ = {isa = PBXFileReference; lastKnownFileType = text.plist.xml; path = Info.plist; sourceTree = "<group>"; };
		9922E5AA21246BBC0014B32E /* catss.swift */ = {isa = PBXFileReference; fileEncoding = 4; lastKnownFileType = sourcecode.swift; path = catss.swift; sourceTree = "<group>"; };
		99F1F5D221246DE800A20260 /* catsvcell.swift */ = {isa = PBXFileReference; fileEncoding = 4; lastKnownFileType = sourcecode.swift; path = catsvcell.swift; sourceTree = "<group>"; };
		99F1F5D4212472AC00A20260 /* plcats.plist */ = {isa = PBXFileReference; fileEncoding = 4; lastKnownFileType = text.plist.xml; path = plcats.plist; sourceTree = "<group>"; };
/* End PBXFileReference section */

/* Begin PBXFrameworksBuildPhase section */
		9922E58E21245F640014B32E /* Frameworks */ = {
			isa = PBXFrameworksBuildPhase;
			buildActionMask = 2147483647;
			files = (
			);
			runOnlyForDeploymentPostprocessing = 0;
		};
/* End PBXFrameworksBuildPhase section */

/* Begin PBXGroup section */
		9922E58821245F640014B32E = {
			isa = PBXGroup;
			children = (
				9922E59321245F650014B32E /* cats type */,
				9922E59221245F650014B32E /* Products */,
			);
			sourceTree = "<group>";
		};
		9922E59221245F650014B32E /* Products */ = {
			isa = PBXGroup;
			children = (
				9922E59121245F650014B32E /* cats type.app */,
			);
			name = Products;
			sourceTree = "<group>";
		};
		9922E59321245F650014B32E /* cats type */ = {
			isa = PBXGroup;
			children = (
				9922E59421245F650014B32E /* AppDelegate.swift */,
				9922E59621245F650014B32E /* ViewController.swift */,
				9922E59821245F650014B32E /* Main.storyboard */,
				9921A6D5212DAFF2001B20FE /* VCcatsdetails.swift */,
				9922E5AA21246BBC0014B32E /* catss.swift */,
				99F1F5D221246DE800A20260 /* catsvcell.swift */,
				99F1F5D4212472AC00A20260 /* plcats.plist */,
				9922E59B21245F650014B32E /* Assets.xcassets */,
				9922E59D21245F650014B32E /* LaunchScreen.storyboard */,
				9922E5A021245F650014B32E /* Info.plist */,
			);
			path = "cats type";
			sourceTree = "<group>";
		};
/* End PBXGroup section */

/* Begin PBXNativeTarget section */
		9922E59021245F640014B32E /* cats type */ = {
			isa = PBXNativeTarget;
			buildConfigurationList = 9922E5A321245F650014B32E /* Build configuration list for PBXNativeTarget "cats type" */;
			buildPhases = (
				9922E58D21245F640014B32E /* Sources */,
				9922E58E21245F640014B32E /* Frameworks */,
				9922E58F21245F640014B32E /* Resources */,
			);
			buildRules = (
			);
			dependencies = (
			);
			name = "cats type";
			productName = "cats type";
			productReference = 9922E59121245F650014B32E /* cats type.app */;
			productType = "com.apple.product-type.application";
		};
/* End PBXNativeTarget section */

/* Begin PBXProject section */
		9922E58921245F640014B32E /* Project object */ = {
			isa = PBXProject;
			attributes = {
				LastSwiftUpdateCheck = 0820;
				LastUpgradeCheck = 0820;
				ORGANIZATIONNAME = "Ahmed nabil";
				TargetAttributes = {
					9922E59021245F640014B32E = {
						CreatedOnToolsVersion = 8.2.1;
						ProvisioningStyle = Automatic;
					};
				};
			};
			buildConfigurationList = 9922E58C21245F640014B32E /* Build configuration list for PBXProject "cats type" */;
			compatibilityVersion = "Xcode 3.2";
			developmentRegion = English;
			hasScannedForEncodings = 0;
			knownRegions = (
				en,
				Base,
			);
			mainGroup = 9922E58821245F640014B32E;
			productRefGroup = 9922E59221245F650014B32E /* Products */;
			projectDirPath = "";
			projectRoot = "";
			targets = (
				9922E59021245F640014B32E /* cats type */,
			);
		};
/* End PBXProject section */

/* Begin PBXResourcesBuildPhase section */
		9922E58F21245F640014B32E /* Resources */ = {
			isa = PBXResourcesBuildPhase;
			buildActionMask = 2147483647;
			files = (
				9922E59F21245F650014B32E /* LaunchScreen.storyboard in Resources */,
				99F1F5D5212472AC00A20260 /* plcats.plist in Resources */,
				9922E59C21245F650014B32E /* Assets.xcassets in Resources */,
				9922E59A21245F650014B32E /* Main.storyboard in Resources */,
			);
			runOnlyForDeploymentPostprocessing = 0;
		};
/* End PBXResourcesBuildPhase section */

/* Begin PBXSourcesBuildPhase section */
		9922E58D21245F640014B32E /* Sources */ = {
			isa = PBXSourcesBuildPhase;
			buildActionMask = 2147483647;
			files = (
				9922E5AB21246BBC0014B32E /* catss.swift in Sources */,
				9922E59721245F650014B32E /* ViewController.swift in Sources */,
				9922E59521245F650014B32E /* AppDelegate.swift in Sources */,
				9921A6D6212DAFF2001B20FE /* VCcatsdetails.swift in Sources */,
				99F1F5D321246DE800A20260 /* catsvcell.swift in Sources */,
			);
			runOnlyForDeploymentPostprocessing = 0;
		};
/* End PBXSourcesBuildPhase section */

/* Begin PBXVariantGroup section */
		9922E59821245F650014B32E /* Main.storyboard */ = {
			isa = PBXVariantGroup;
			children = (
				9922E59921245F650014B32E /* Base */,
			);
			name = Main.storyboard;
			sourceTree = "<group>";
		};
		9922E59D21245F650014B32E /* LaunchScreen.storyboard */ = {
			isa = PBXVariantGroup;
			children = (
				9922E59E21245F650014B32E /* Base */,
			);
			name = LaunchScreen.storyboard;
			sourceTree = "<group>";
		};
/* End PBXVariantGroup section */

/* Begin XCBuildConfiguration section */
		9922E5A121245F650014B32E /* Debug */ = {
			isa = XCBuildConfiguration;
			buildSettings = {
				ALWAYS_SEARCH_USER_PATHS = NO;
				CLANG_ANALYZER_NONNULL = YES;
				CLANG_CXX_LANGUAGE_STANDARD = "gnu++0x";
				CLANG_CXX_LIBRARY = "libc++";
				CLANG_ENABLE_MODULES = YES;
				CLANG_ENABLE_OBJC_ARC = YES;
				CLANG_WARN_BOOL_CONVERSION = YES;
				CLANG_WARN_CONSTANT_CONVERSION = YES;
				CLANG_WARN_DIRECT_OBJC_ISA_USAGE = YES_ERROR;
				CLANG_WARN_DOCUMENTATION_COMMENTS = YES;
				CLANG_WARN_EMPTY_BODY = YES;
				CLANG_WARN_ENUM_CONVERSION = YES;
				CLANG_WARN_INFINITE_RECURSION = YES;
				CLANG_WARN_INT_CONVERSION = YES;
				CLANG_WARN_OBJC_ROOT_CLASS = YES_ERROR;
				CLANG_WARN_SUSPICIOUS_MOVE = YES;
				CLANG_WARN_UNREACHABLE_CODE = YES;
				CLANG_WARN__DUPLICATE_METHOD_MATCH = YES;
				"CODE_SIGN_IDENTITY[sdk=iphoneos*]" = "iPhone Developer";
				COPY_PHASE_STRIP = NO;
				DEBUG_INFORMATION_FORMAT = dwarf;
				ENABLE_STRICT_OBJC_MSGSEND = YES;
				ENABLE_TESTABILITY = YES;
				GCC_C_LANGUAGE_STANDARD = gnu99;
				GCC_DYNAMIC_NO_PIC = NO;
				GCC_NO_COMMON_BLOCKS = YES;
				GCC_OPTIMIZATION_LEVEL = 0;
				GCC_PREPROCESSOR_DEFINITIONS = (
					"DEBUG=1",
					"$(inherited)",
				);
				GCC_WARN_64_TO_32_BIT_CONVERSION = YES;
				GCC_WARN_ABOUT_RETURN_TYPE = YES_ERROR;
				GCC_WARN_UNDECLARED_SELECTOR = YES;
				GCC_WARN_UNINITIALIZED_AUTOS = YES_AGGRESSIVE;
				GCC_WARN_UNUSED_FUNCTION = YES;
				GCC_WARN_UNUSED_VARIABLE = YES;
				IPHONEOS_DEPLOYMENT_TARGET = 10.2;
				MTL_ENABLE_DEBUG_INFO = YES;
				ONLY_ACTIVE_ARCH = YES;
				SDKROOT = iphoneos;
				SWIFT_ACTIVE_COMPILATION_CONDITIONS = DEBUG;
				SWIFT_OPTIMIZATION_LEVEL = "-Onone";
				TARGETED_DEVICE_FAMILY = "1,2";
			};
			name = Debug;
		};
		9922E5A221245F650014B32E /* Release */ = {
			isa = XCBuildConfiguration;
			buildSettings = {
				ALWAYS_SEARCH_USER_PATHS = NO;
				CLANG_ANALYZER_NONNULL = YES;
				CLANG_CXX_LANGUAGE_STANDARD = "gnu++0x";
				CLANG_CXX_LIBRARY = "libc++";
				CLANG_ENABLE_MODULES = YES;
				CLANG_ENABLE_OBJC_ARC = YES;
				CLANG_WARN_BOOL_CONVERSION = YES;
				CLANG_WARN_CONSTANT_CONVERSION = YES;
				CLANG_WARN_DIRECT_OBJC_ISA_USAGE = YES_ERROR;
				CLANG_WARN_DOCUMENTATION_COMMENTS = YES;
				CLANG_WARN_EMPTY_BODY = YES;
				CLANG_WARN_ENUM_CONVERSION = YES;
				CLANG_WARN_INFINITE_RECURSION = YES;
				CLANG_WARN_INT_CONVERSION = YES;
				CLANG_WARN_OBJC_ROOT_CLASS = YES_ERROR;
				CLANG_WARN_SUSPICIOUS_MOVE = YES;
				CLANG_WARN_UNREACHABLE_CODE = YES;
				CLANG_WARN__DUPLICATE_METHOD_MATCH = YES;
				"CODE_SIGN_IDENTITY[sdk=iphoneos*]" = "iPhone Developer";
				COPY_PHASE_STRIP = NO;
				DEBUG_INFORMATION_FORMAT = "dwarf-with-dsym";
				ENABLE_NS_ASSERTIONS = NO;
				ENABLE_STRICT_OBJC_MSGSEND = YES;
				GCC_C_LANGUAGE_STANDARD = gnu99;
				GCC_NO_COMMON_BLOCKS = YES;
				GCC_WARN_64_TO_32_BIT_CONVERSION = YES;
				GCC_WARN_ABOUT_RETURN_TYPE = YES_ERROR;
				GCC_WARN_UNDECLARED_SELECTOR = YES;
				GCC_WARN_UNINITIALIZED_AUTOS = YES_AGGRESSIVE;
				GCC_WARN_UNUSED_FUNCTION = YES;
				GCC_WARN_UNUSED_VARIABLE = YES;
				IPHONEOS_DEPLOYMENT_TARGET = 10.2;
				MTL_ENABLE_DEBUG_INFO = NO;
				SDKROOT = iphoneos;
				SWIFT_OPTIMIZATION_LEVEL = "-Owholemodule";
				TARGETED_DEVICE_FAMILY = "1,2";
				VALIDATE_PRODUCT = YES;
			};
			name = Release;
		};
		9922E5A421245F650014B32E /* Debug */ = {
			isa = XCBuildConfiguration;
			buildSettings = {
				ASSETCATALOG_COMPILER_APPICON_NAME = AppIcon;
				INFOPLIST_FILE = "cats type/Info.plist";
				LD_RUNPATH_SEARCH_PATHS = "$(inherited) @executable_path/Frameworks";
				PRODUCT_BUNDLE_IDENTIFIER = "we.cats-type";
				PRODUCT_NAME = "$(TARGET_NAME)";
				SWIFT_VERSION = 3.0;
			};
			name = Debug;
		};
		9922E5A521245F650014B32E /* Release */ = {
			isa = XCBuildConfiguration;
			buildSettings = {
				ASSETCATALOG_COMPILER_APPICON_NAME = AppIcon;
				INFOPLIST_FILE = "cats type/Info.plist";
				LD_RUNPATH_SEARCH_PATHS = "$(inherited) @executable_path/Frameworks";
				PRODUCT_BUNDLE_IDENTIFIER = "we.cats-type";
				PRODUCT_NAME = "$(TARGET_NAME)";
				SWIFT_VERSION = 3.0;
			};
			name = Release;
		};
/* End XCBuildConfiguration section */

/* Begin XCConfigurationList section */
		9922E58C21245F640014B32E /* Build configuration list for PBXProject "cats type" */ = {
			isa = XCConfigurationList;
			buildConfigurations = (
				9922E5A121245F650014B32E /* Debug */,
				9922E5A221245F650014B32E /* Release */,
			);
			defaultConfigurationIsVisible = 0;
			defaultConfigurationName = Release;
		};
		9922E5A321245F650014B32E /* Build configuration list for PBXNativeTarget "cats type" */ = {
			isa = XCConfigurationList;
			buildConfigurations = (
				9922E5A421245F650014B32E /* Debug */,
				9922E5A521245F650014B32E /* Release */,
			);
			defaultConfigurationIsVisible = 0;
			defaultConfigurationName = Release;
		};
/* End XCConfigurationList section */
	};
	rootObject = 9922E58921245F640014B32E /* Project object */;
}
